{
  "name": "re-mapbox",
  "version": "0.4.2",
  "lockfileVersion": 1,
  "requires": true,
  "dependencies": {
    "bs-platform": {
      "version": "5.0.3",
      "resolved": "https://registry.npmjs.org/bs-platform/-/bs-platform-5.0.3.tgz",
      "integrity": "sha512-GAeypBebeDGTay5kJ3v5Z3Whp1Q4zQ0hAttflVtPG3zps88xDZnVAlS3JGIIBDmJFEMyNtv5947a/IWKvWXcPw==",
      "dev": true
    }
  }
}
