{
  "name": "re-mapbox",
  "version": "0.1.0",
  "lockfileVersion": 1,
  "requires": true,
  "dependencies": {
    "bs-platform": {
      "version": "5.0.0-dev.5",
      "resolved": "https://registry.npmjs.org/bs-platform/-/bs-platform-5.0.0-dev.5.tgz",
      "integrity": "sha512-/zoU8Ma212d+aUu0mvHdnDK2B0xBL5HFuACLu9Z4CnR7KII1ugAFIuDY9WsN+rLjq8js9zy02YIhudliMnmqeA==",
      "dev": true
    }
  }
}
